
Microsoft Visual Studio Solution File, Format Version 12.00
# Visual Studio Version 16
VisualStudioVersion = 16.0.30114.105
MinimumVisualStudioVersion = 10.0.40219.1
Project("{FAE04EC0-301F-11D3-BF4B-00C04F79EFBC}") = "SeriChannel", "SeriChannel\SeriChannel.csproj", "{53126092-ED10-48B1-9A4B-601A1C24192E}"
EndProject
Global
	GlobalSection(SolutionConfigurationPlatforms) = preSolution
		Debug|Any CPU = Debug|Any CPU
		Release|Any CPU = Release|Any CPU
	EndGlobalSection
	GlobalSection(ProjectConfigurationPlatforms) = postSolution
		{53126092-ED10-48B1-9A4B-601A1C24192E}.Debug|Any CPU.ActiveCfg = Debug|Any CPU
		{53126092-ED10-48B1-9A4B-601A1C24192E}.Debug|Any CPU.Build.0 = Debug|Any CPU
		{53126092-ED10-48B1-9A4B-601A1C24192E}.Release|Any CPU.ActiveCfg = Release|Any CPU
		{53126092-ED10-48B1-9A4B-601A1C24192E}.Release|Any CPU.Build.0 = Release|Any CPU
	EndGlobalSection
	GlobalSection(SolutionProperties) = preSolution
		HideSolutionNode = FALSE
	EndGlobalSection
	GlobalSection(ExtensibilityGlobals) = postSolution
		SolutionGuid = {A525B213-434E-4396-A25E-37B88962A97F}
	EndGlobalSection
EndGlobal
